
Microsoft Visual Studio Solution File, Format Version 12.00
# Visual Studio Version 16
VisualStudioVersion = 16.0.29306.81
MinimumVisualStudioVersion = 10.0.40219.1
Project("{FAE04EC0-301F-11D3-BF4B-00C04F79EFBC}") = "TIAGroupCopyCLI", "TIAGroupCopyCLI\TIAGroupCopyCLI.csproj", "{1D18F55D-7515-459B-AFFC-8AE2473BACF9}"
EndProject
Project("{2150E333-8FDC-42A3-9474-1A3956D46DE8}") = "Solution Items", "Solution Items", "{2B4417A1-416F-4958-AEFC-E434CF7468FB}"
	ProjectSection(SolutionItems) = preProject
		.editorconfig = .editorconfig
	EndProjectSection
EndProject
Global
	GlobalSection(SolutionConfigurationPlatforms) = preSolution
		Debug|Any CPU = Debug|Any CPU
		Release|Any CPU = Release|Any CPU
	EndGlobalSection
	GlobalSection(ProjectConfigurationPlatforms) = postSolution
		{1D18F55D-7515-459B-AFFC-8AE2473BACF9}.Debug|Any CPU.ActiveCfg = Debug|Any CPU
		{1D18F55D-7515-459B-AFFC-8AE2473BACF9}.Debug|Any CPU.Build.0 = Debug|Any CPU
		{1D18F55D-7515-459B-AFFC-8AE2473BACF9}.Release|Any CPU.ActiveCfg = Release|Any CPU
		{1D18F55D-7515-459B-AFFC-8AE2473BACF9}.Release|Any CPU.Build.0 = Release|Any CPU
	EndGlobalSection
	GlobalSection(SolutionProperties) = preSolution
		HideSolutionNode = FALSE
	EndGlobalSection
	GlobalSection(ExtensibilityGlobals) = postSolution
		SolutionGuid = {288A42BD-B2CA-4C39-B6D3-FB5A69118079}
	EndGlobalSection
EndGlobal
